
Microsoft Visual Studio Solution File, Format Version 12.00
# Visual Studio Version 17
VisualStudioVersion = 17.0.32014.148
MinimumVisualStudioVersion = 10.0.40219.1
Project("{9A19103F-16F7-4668-BE54-9A1E7A4F7556}") = "NCafe.Cashier.Api", "src\Cashier\NCafe.Cashier.Api\NCafe.Cashier.Api.csproj", "{7A3A0808-939B-4D63-AD03-812F006850DC}"
EndProject
Project("{9A19103F-16F7-4668-BE54-9A1E7A4F7556}") = "NCafe.Cashier.Domain", "src\Cashier\NCafe.Cashier.Domain\NCafe.Cashier.Domain.csproj", "{A4DFEE87-22E1-4C0E-ADC8-1B8B2F8EA138}"
EndProject
Project("{2150E333-8FDC-42A3-9474-1A3956D46DE8}") = "Cashier", "Cashier", "{5CAA509F-20EE-4CBF-A3A9-3D8FB7E6B01F}"
EndProject
Project("{2150E333-8FDC-42A3-9474-1A3956D46DE8}") = "Barista", "Barista", "{B545EEC2-DBBF-4695-BC91-37028FF91F99}"
EndProject
Project("{2150E333-8FDC-42A3-9474-1A3956D46DE8}") = "Admin", "Admin", "{F4C2E948-EA5B-4C0E-9C52-8C217E5955B6}"
EndProject
Project("{2150E333-8FDC-42A3-9474-1A3956D46DE8}") = "Common", "Common", "{728C5CE5-C0F8-45B9-B9ED-E6AA7C219095}"
EndProject
Project("{9A19103F-16F7-4668-BE54-9A1E7A4F7556}") = "NCafe.Abstractions", "src\Common\NCafe.Abstractions\NCafe.Abstractions.csproj", "{82E21B46-0371-42CD-9A2D-AAE7DB1D3BCC}"
EndProject
Project("{9A19103F-16F7-4668-BE54-9A1E7A4F7556}") = "NCafe.Infrastructure", "src\Common\NCafe.Infrastructure\NCafe.Infrastructure.csproj", "{4D8FBA5D-0AFD-4A31-98B8-A4B3A2D53CF6}"
EndProject
Project("{2150E333-8FDC-42A3-9474-1A3956D46DE8}") = "tests", "tests", "{A45EA559-97E3-4460-A2E5-F385D0476851}"
EndProject
Project("{9A19103F-16F7-4668-BE54-9A1E7A4F7556}") = "NCafe.Admin.Domain", "src\Admin\NCafe.Admin.Domain\NCafe.Admin.Domain.csproj", "{A874805E-2CF2-462A-87D2-3DB131BC3F4F}"
EndProject
Project("{9A19103F-16F7-4668-BE54-9A1E7A4F7556}") = "NCafe.Admin.Api", "src\Admin\NCafe.Admin.Api\NCafe.Admin.Api.csproj", "{39C8B7B6-0A8C-4B05-AEDC-5009DA08DC98}"
EndProject
Project("{2150E333-8FDC-42A3-9474-1A3956D46DE8}") = "tests", "tests", "{2694AE6D-E1BB-49F4-B8F6-D023610909BC}"
EndProject
Project("{9A19103F-16F7-4668-BE54-9A1E7A4F7556}") = "NCafe.Barista.Domain", "src\Barista\NCafe.Barista.Domain\NCafe.Barista.Domain.csproj", "{866D6B1C-8D66-467F-B63C-5ADBA4740639}"
EndProject
Project("{9A19103F-16F7-4668-BE54-9A1E7A4F7556}") = "NCafe.Barista.Api", "src\Barista\NCafe.Barista.Api\NCafe.Barista.Api.csproj", "{AC8D560E-89B7-4DE2-BD19-5FF3125F16DA}"
EndProject
Project("{2150E333-8FDC-42A3-9474-1A3956D46DE8}") = "Solution Items", "Solution Items", "{38B2A41D-2CD0-48A4-8B0E-8380E6C20FAB}"
	ProjectSection(SolutionItems) = preProject
		.editorconfig = .editorconfig
		docker-compose.yaml = docker-compose.yaml
		README.md = README.md
		services-compose.yaml = services-compose.yaml
		variables.env = variables.env
	EndProjectSection
EndProject
Project("{2150E333-8FDC-42A3-9474-1A3956D46DE8}") = "tests", "tests", "{A650B4F4-E754-46C8-B48C-1C1277078D1E}"
EndProject
Project("{9A19103F-16F7-4668-BE54-9A1E7A4F7556}") = "NCafe.Cashier.Domain.Tests", "src\Cashier\NCafe.Cashier.Domain.Tests\NCafe.Cashier.Domain.Tests.csproj", "{7DDB6328-1E67-4245-A1F0-E78085B5F8F4}"
EndProject
Project("{9A19103F-16F7-4668-BE54-9A1E7A4F7556}") = "NCafe.Barista.Domain.Tests", "src\Barista\NCafe.Barista.Domain.Tests\NCafe.Barista.Domain.Tests.csproj", "{13022A59-EDA3-409C-AB1E-0C74BF557DBC}"
EndProject
Project("{9A19103F-16F7-4668-BE54-9A1E7A4F7556}") = "NCafe.Admin.Domain.Tests", "src\Admin\NCafe.Admin.Domain.Tests\NCafe.Admin.Domain.Tests.csproj", "{23A26860-042D-4E27-8D3D-FDAFEF231C42}"
EndProject
Global
	GlobalSection(SolutionConfigurationPlatforms) = preSolution
		Debug|Any CPU = Debug|Any CPU
		Release|Any CPU = Release|Any CPU
	EndGlobalSection
	GlobalSection(ProjectConfigurationPlatforms) = postSolution
		{7A3A0808-939B-4D63-AD03-812F006850DC}.Debug|Any CPU.ActiveCfg = Debug|Any CPU
		{7A3A0808-939B-4D63-AD03-812F006850DC}.Debug|Any CPU.Build.0 = Debug|Any CPU
		{7A3A0808-939B-4D63-AD03-812F006850DC}.Release|Any CPU.ActiveCfg = Release|Any CPU
		{7A3A0808-939B-4D63-AD03-812F006850DC}.Release|Any CPU.Build.0 = Release|Any CPU
		{A4DFEE87-22E1-4C0E-ADC8-1B8B2F8EA138}.Debug|Any CPU.ActiveCfg = Debug|Any CPU
		{A4DFEE87-22E1-4C0E-ADC8-1B8B2F8EA138}.Debug|Any CPU.Build.0 = Debug|Any CPU
		{A4DFEE87-22E1-4C0E-ADC8-1B8B2F8EA138}.Release|Any CPU.ActiveCfg = Release|Any CPU
		{A4DFEE87-22E1-4C0E-ADC8-1B8B2F8EA138}.Release|Any CPU.Build.0 = Release|Any CPU
		{82E21B46-0371-42CD-9A2D-AAE7DB1D3BCC}.Debug|Any CPU.ActiveCfg = Debug|Any CPU
		{82E21B46-0371-42CD-9A2D-AAE7DB1D3BCC}.Debug|Any CPU.Build.0 = Debug|Any CPU
		{82E21B46-0371-42CD-9A2D-AAE7DB1D3BCC}.Release|Any CPU.ActiveCfg = Release|Any CPU
		{82E21B46-0371-42CD-9A2D-AAE7DB1D3BCC}.Release|Any CPU.Build.0 = Release|Any CPU
		{4D8FBA5D-0AFD-4A31-98B8-A4B3A2D53CF6}.Debug|Any CPU.ActiveCfg = Debug|Any CPU
		{4D8FBA5D-0AFD-4A31-98B8-A4B3A2D53CF6}.Debug|Any CPU.Build.0 = Debug|Any CPU
		{4D8FBA5D-0AFD-4A31-98B8-A4B3A2D53CF6}.Release|Any CPU.ActiveCfg = Release|Any CPU
		{4D8FBA5D-0AFD-4A31-98B8-A4B3A2D53CF6}.Release|Any CPU.Build.0 = Release|Any CPU
		{A874805E-2CF2-462A-87D2-3DB131BC3F4F}.Debug|Any CPU.ActiveCfg = Debug|Any CPU
		{A874805E-2CF2-462A-87D2-3DB131BC3F4F}.Debug|Any CPU.Build.0 = Debug|Any CPU
		{A874805E-2CF2-462A-87D2-3DB131BC3F4F}.Release|Any CPU.ActiveCfg = Release|Any CPU
		{A874805E-2CF2-462A-87D2-3DB131BC3F4F}.Release|Any CPU.Build.0 = Release|Any CPU
		{39C8B7B6-0A8C-4B05-AEDC-5009DA08DC98}.Debug|Any CPU.ActiveCfg = Debug|Any CPU
		{39C8B7B6-0A8C-4B05-AEDC-5009DA08DC98}.Debug|Any CPU.Build.0 = Debug|Any CPU
		{39C8B7B6-0A8C-4B05-AEDC-5009DA08DC98}.Release|Any CPU.ActiveCfg = Release|Any CPU
		{39C8B7B6-0A8C-4B05-AEDC-5009DA08DC98}.Release|Any CPU.Build.0 = Release|Any CPU
		{866D6B1C-8D66-467F-B63C-5ADBA4740639}.Debug|Any CPU.ActiveCfg = Debug|Any CPU
		{866D6B1C-8D66-467F-B63C-5ADBA4740639}.Debug|Any CPU.Build.0 = Debug|Any CPU
		{866D6B1C-8D66-467F-B63C-5ADBA4740639}.Release|Any CPU.ActiveCfg = Release|Any CPU
		{866D6B1C-8D66-467F-B63C-5ADBA4740639}.Release|Any CPU.Build.0 = Release|Any CPU
		{AC8D560E-89B7-4DE2-BD19-5FF3125F16DA}.Debug|Any CPU.ActiveCfg = Debug|Any CPU
		{AC8D560E-89B7-4DE2-BD19-5FF3125F16DA}.Debug|Any CPU.Build.0 = Debug|Any CPU
		{AC8D560E-89B7-4DE2-BD19-5FF3125F16DA}.Release|Any CPU.ActiveCfg = Release|Any CPU
		{AC8D560E-89B7-4DE2-BD19-5FF3125F16DA}.Release|Any CPU.Build.0 = Release|Any CPU
		{7DDB6328-1E67-4245-A1F0-E78085B5F8F4}.Debug|Any CPU.ActiveCfg = Debug|Any CPU
		{7DDB6328-1E67-4245-A1F0-E78085B5F8F4}.Debug|Any CPU.Build.0 = Debug|Any CPU
		{7DDB6328-1E67-4245-A1F0-E78085B5F8F4}.Release|Any CPU.ActiveCfg = Release|Any CPU
		{7DDB6328-1E67-4245-A1F0-E78085B5F8F4}.Release|Any CPU.Build.0 = Release|Any CPU
		{13022A59-EDA3-409C-AB1E-0C74BF557DBC}.Debug|Any CPU.ActiveCfg = Debug|Any CPU
		{13022A59-EDA3-409C-AB1E-0C74BF557DBC}.Debug|Any CPU.Build.0 = Debug|Any CPU
		{13022A59-EDA3-409C-AB1E-0C74BF557DBC}.Release|Any CPU.ActiveCfg = Release|Any CPU
		{13022A59-EDA3-409C-AB1E-0C74BF557DBC}.Release|Any CPU.Build.0 = Release|Any CPU
		{23A26860-042D-4E27-8D3D-FDAFEF231C42}.Debug|Any CPU.ActiveCfg = Debug|Any CPU
		{23A26860-042D-4E27-8D3D-FDAFEF231C42}.Debug|Any CPU.Build.0 = Debug|Any CPU
		{23A26860-042D-4E27-8D3D-FDAFEF231C42}.Release|Any CPU.ActiveCfg = Release|Any CPU
		{23A26860-042D-4E27-8D3D-FDAFEF231C42}.Release|Any CPU.Build.0 = Release|Any CPU
	EndGlobalSection
	GlobalSection(SolutionProperties) = preSolution
		HideSolutionNode = FALSE
	EndGlobalSection
	GlobalSection(NestedProjects) = preSolution
		{7A3A0808-939B-4D63-AD03-812F006850DC} = {5CAA509F-20EE-4CBF-A3A9-3D8FB7E6B01F}
		{A4DFEE87-22E1-4C0E-ADC8-1B8B2F8EA138} = {5CAA509F-20EE-4CBF-A3A9-3D8FB7E6B01F}
		{82E21B46-0371-42CD-9A2D-AAE7DB1D3BCC} = {728C5CE5-C0F8-45B9-B9ED-E6AA7C219095}
		{4D8FBA5D-0AFD-4A31-98B8-A4B3A2D53CF6} = {728C5CE5-C0F8-45B9-B9ED-E6AA7C219095}
		{A45EA559-97E3-4460-A2E5-F385D0476851} = {5CAA509F-20EE-4CBF-A3A9-3D8FB7E6B01F}
		{A874805E-2CF2-462A-87D2-3DB131BC3F4F} = {F4C2E948-EA5B-4C0E-9C52-8C217E5955B6}
		{39C8B7B6-0A8C-4B05-AEDC-5009DA08DC98} = {F4C2E948-EA5B-4C0E-9C52-8C217E5955B6}
		{2694AE6D-E1BB-49F4-B8F6-D023610909BC} = {F4C2E948-EA5B-4C0E-9C52-8C217E5955B6}
		{866D6B1C-8D66-467F-B63C-5ADBA4740639} = {B545EEC2-DBBF-4695-BC91-37028FF91F99}
		{AC8D560E-89B7-4DE2-BD19-5FF3125F16DA} = {B545EEC2-DBBF-4695-BC91-37028FF91F99}
		{A650B4F4-E754-46C8-B48C-1C1277078D1E} = {B545EEC2-DBBF-4695-BC91-37028FF91F99}
		{7DDB6328-1E67-4245-A1F0-E78085B5F8F4} = {A45EA559-97E3-4460-A2E5-F385D0476851}
		{13022A59-EDA3-409C-AB1E-0C74BF557DBC} = {A650B4F4-E754-46C8-B48C-1C1277078D1E}
		{23A26860-042D-4E27-8D3D-FDAFEF231C42} = {2694AE6D-E1BB-49F4-B8F6-D023610909BC}
	EndGlobalSection
	GlobalSection(ExtensibilityGlobals) = postSolution
		SolutionGuid = {F0136BF1-D5F3-4E83-8D23-E3F43534FBB5}
	EndGlobalSection
EndGlobal
